## Definiendo despliegue_en_Terraform

az login                              #Inicia sesión en tu suscripción

terraform init                        #Descarga los providers, incia módulos y configura el estado

Initializing the backend...
Initializing provider plugins...
- Reusing previous version of hashicorp/azurerm from the dependency lock file
- Using previously-installed hashicorp/azurerm v4.26.0

Terraform has been successfully initialized!

You may now begin working with Terraform. Try running "terraform plan" to see  
any changes that are required for your infrastructure. All Terraform commands  
should now work.

If you ever set or change modules or backend configuration for Terraform,      
rerun this command to reinitialize your working directory. If you forget, other
commands will detect it and remind you to do so if necessary.

terraform plan -var-file="secrets.tfvars"                #Compara los archivos de configuración (.tf) con tu infrastructura de nube.
                                                         #Muestra lo que se creará, modificará o eliminará sin realizar ninguna acción real
                                                         #[¡IMPORTANTE!] -var-file="secrets.tfvars" -> Para que incluya este archivo en el plan
                                                         #Omito lo que devuelve porque es lo mismo que muestra terraform apply antes de validarlo

terraform apply -var-file="secrets.tfvars"               #Ejecuta los cambios indicados en terraform plan
                                                         #[¡IMPORTANTE!] -var-file="secrets.tfvars" -> Para que incluya este archivo al aplicar

Terraform used the selected providers to generate the following execution plan. Resource actions are indicated with the following symbols:
  + create

Terraform will perform the following actions:

  # azurerm_bastion_host.bastion will be created
  + resource "azurerm_bastion_host" "bastion" {
      + copy_paste_enabled        = true
      + dns_name                  = (known after apply)
      + file_copy_enabled         = false
      + id                        = (known after apply)
      + ip_connect_enabled        = false
      + kerberos_enabled          = false
      + location                  = "eastus"
      + name                      = "bastion-ad-ds"
      + resource_group_name       = "AD-DS-rg"
      + scale_units               = 2
      + session_recording_enabled = false
      + shareable_link_enabled    = false
      + sku                       = "Basic"
      + tunneling_enabled         = false

      + ip_configuration {
          + name                 = "bastion-ip-config"
          + public_ip_address_id = (known after apply)
          + subnet_id            = (known after apply)
        }
    }

  # azurerm_network_interface.nic-ad-ds will be created
  + resource "azurerm_network_interface" "nic-ad-ds" {
      + accelerated_networking_enabled = false
      + applied_dns_servers            = (known after apply)
      + id                             = (known after apply)
      + internal_domain_name_suffix    = (known after apply)
      + ip_forwarding_enabled          = false
      + location                       = "eastus"
      + mac_address                    = (known after apply)
      + name                           = "nic-ad-ds"
      + private_ip_address             = (known after apply)
      + private_ip_addresses           = (known after apply)
      + resource_group_name            = "AD-DS-rg"
      + virtual_machine_id             = (known after apply)

      + ip_configuration {
          + gateway_load_balancer_frontend_ip_configuration_id = (known after apply)
          + name                                               = "ipconfig-ad-ds"
          + primary                                            = (known after apply)
          + private_ip_address                                 = (known after apply)
          + private_ip_address_allocation                      = "Dynamic"
          + private_ip_address_version                         = "IPv4"
          + subnet_id                                          = (known after apply)
        }
    }

  # azurerm_network_security_group.nsg will be created
  + resource "azurerm_network_security_group" "nsg" {
      + id                  = (known after apply)
      + location            = "eastus"
      + name                = "nsg-ad-ds"
      + resource_group_name = "AD-DS-rg"
      + security_rule       = (known after apply)
    }

  # azurerm_public_ip.bastion_ip will be created
  + resource "azurerm_public_ip" "bastion_ip" {
      + allocation_method       = "Static"
      + ddos_protection_mode    = "VirtualNetworkInherited"
      + fqdn                    = (known after apply)
      + id                      = (known after apply)
      + idle_timeout_in_minutes = 4
      + ip_address              = (known after apply)
      + ip_version              = "IPv4"
      + location                = "eastus"
      + name                    = "bastion-public-ip"
      + resource_group_name     = "AD-DS-rg"
      + sku                     = "Standard"
      + sku_tier                = "Regional"
    }

  # azurerm_resource_group.rg will be created
  + resource "azurerm_resource_group" "rg" {
      + id       = (known after apply)
      + location = "eastus"
      + name     = "AD-DS-rg"
      + tags     = {
          + "environment" = "test"
        }
    }

  # azurerm_storage_account.storage will be created
  + resource "azurerm_storage_account" "storage" {
      + access_tier                        = (known after apply)
      + account_kind                       = "StorageV2"
      + account_replication_type           = "LRS"
      + account_tier                       = "Standard"
      + allow_nested_items_to_be_public    = true
      + cross_tenant_replication_enabled   = false
      + default_to_oauth_authentication    = false
      + dns_endpoint_type                  = "Standard"
      + https_traffic_only_enabled         = true
      + id                                 = (known after apply)
      + infrastructure_encryption_enabled  = false
      + is_hns_enabled                     = false
      + large_file_share_enabled           = (known after apply)
      + local_user_enabled                 = true
      + location                           = "eastus"
      + min_tls_version                    = "TLS1_2"
      + name                               = "mystaccdsfs64565dfsrhs"
      + nfsv3_enabled                      = false
      + primary_access_key                 = (sensitive value)
      + primary_blob_connection_string     = (sensitive value)
      + primary_blob_endpoint              = (known after apply)
      + primary_blob_host                  = (known after apply)
      + primary_blob_internet_endpoint     = (known after apply)
      + primary_blob_internet_host         = (known after apply)
      + primary_blob_microsoft_endpoint    = (known after apply)
      + primary_blob_microsoft_host        = (known after apply)
      + primary_connection_string          = (sensitive value)
      + primary_dfs_endpoint               = (known after apply)
      + primary_dfs_host                   = (known after apply)
      + primary_dfs_internet_endpoint      = (known after apply)
      + primary_dfs_internet_host          = (known after apply)
      + primary_dfs_microsoft_endpoint     = (known after apply)
      + primary_dfs_microsoft_host         = (known after apply)
      + primary_file_endpoint              = (known after apply)
      + primary_file_host                  = (known after apply)
      + primary_file_internet_endpoint     = (known after apply)
      + primary_file_internet_host         = (known after apply)
      + primary_file_microsoft_endpoint    = (known after apply)
      + primary_file_microsoft_host        = (known after apply)
      + primary_location                   = (known after apply)
      + primary_queue_endpoint             = (known after apply)
      + primary_queue_host                 = (known after apply)
      + primary_queue_microsoft_endpoint   = (known after apply)
      + primary_queue_microsoft_host       = (known after apply)
      + primary_table_endpoint             = (known after apply)
      + primary_table_host                 = (known after apply)
      + primary_table_microsoft_endpoint   = (known after apply)
      + primary_table_microsoft_host       = (known after apply)
      + primary_web_endpoint               = (known after apply)
      + primary_web_host                   = (known after apply)
      + primary_web_internet_endpoint      = (known after apply)
      + primary_web_internet_host          = (known after apply)
      + primary_web_microsoft_endpoint     = (known after apply)
      + primary_web_microsoft_host         = (known after apply)
      + public_network_access_enabled      = true
      + queue_encryption_key_type          = "Service"
      + resource_group_name                = "AD-DS-rg"
      + secondary_access_key               = (sensitive value)
      + secondary_blob_connection_string   = (sensitive value)
      + secondary_blob_endpoint            = (known after apply)
      + secondary_blob_host                = (known after apply)
      + secondary_blob_internet_endpoint   = (known after apply)
      + secondary_blob_internet_host       = (known after apply)
      + secondary_blob_microsoft_endpoint  = (known after apply)
      + secondary_blob_microsoft_host      = (known after apply)
      + secondary_connection_string        = (sensitive value)
      + secondary_dfs_endpoint             = (known after apply)
      + secondary_dfs_host                 = (known after apply)
      + secondary_dfs_internet_endpoint    = (known after apply)
      + secondary_dfs_internet_host        = (known after apply)
      + secondary_dfs_microsoft_endpoint   = (known after apply)
      + secondary_dfs_microsoft_host       = (known after apply)
      + secondary_file_endpoint            = (known after apply)
      + secondary_file_host                = (known after apply)
      + secondary_file_internet_endpoint   = (known after apply)
      + secondary_file_internet_host       = (known after apply)
      + secondary_file_microsoft_endpoint  = (known after apply)
      + secondary_file_microsoft_host      = (known after apply)
      + secondary_location                 = (known after apply)
      + secondary_queue_endpoint           = (known after apply)
      + secondary_queue_host               = (known after apply)
      + secondary_queue_microsoft_endpoint = (known after apply)
      + secondary_queue_microsoft_host     = (known after apply)
      + secondary_table_endpoint           = (known after apply)
      + secondary_table_host               = (known after apply)
      + secondary_table_microsoft_endpoint = (known after apply)
      + secondary_table_microsoft_host     = (known after apply)
      + secondary_web_endpoint             = (known after apply)
      + secondary_web_host                 = (known after apply)
      + secondary_web_internet_endpoint    = (known after apply)
      + secondary_web_internet_host        = (known after apply)
      + secondary_web_microsoft_endpoint   = (known after apply)
      + secondary_web_microsoft_host       = (known after apply)
      + sftp_enabled                       = false
      + shared_access_key_enabled          = true
      + table_encryption_key_type          = "Service"

      + blob_properties (known after apply)

      + network_rules (known after apply)

      + queue_properties (known after apply)

      + routing (known after apply)

      + share_properties (known after apply)

      + static_website (known after apply)
    }

  # azurerm_storage_blob.ad_setup_script will be created
  + resource "azurerm_storage_blob" "ad_setup_script" {
      + access_tier            = (known after apply)
      + content_type           = "application/octet-stream"
      + id                     = (known after apply)
      + metadata               = (known after apply)
      + name                   = "ad_setup.ps1"
      + parallelism            = 8
      + size                   = 0
      + source                 = (sensitive value)
      + storage_account_name   = "mystaccdsfs64565dfsrhs"
      + storage_container_name = "scripts"
      + type                   = "Block"
      + url                    = (known after apply)
    }

  # azurerm_storage_container.scripts_container will be created
  + resource "azurerm_storage_container" "scripts_container" {
      + container_access_type             = "blob"
      + default_encryption_scope          = (known after apply)
      + encryption_scope_override_enabled = true
      + has_immutability_policy           = (known after apply)
      + has_legal_hold                    = (known after apply)
      + id                                = (known after apply)
      + metadata                          = (known after apply)
      + name                              = "scripts"
      + resource_manager_id               = (known after apply)
      + storage_account_id                = (known after apply)
    }

  # azurerm_subnet.bastion_subnet will be created
  + resource "azurerm_subnet" "bastion_subnet" {
      + address_prefixes                              = [
          + "10.0.2.0/27",
        ]
      + default_outbound_access_enabled               = true
      + id                                            = (known after apply)
      + name                                          = "AzureBastionSubnet"
      + private_endpoint_network_policies             = "Disabled"
      + private_link_service_network_policies_enabled = true
      + resource_group_name                           = "AD-DS-rg"
      + virtual_network_name                          = "vnet-ad-ds"
    }

  # azurerm_subnet.subnet will be created
  + resource "azurerm_subnet" "subnet" {
      + address_prefixes                              = [
          + "10.0.1.0/24",
        ]
      + default_outbound_access_enabled               = true
      + id                                            = (known after apply)
      + name                                          = "subnet-ad-ds"
      + private_endpoint_network_policies             = "Disabled"
      + private_link_service_network_policies_enabled = true
      + resource_group_name                           = "AD-DS-rg"
      + virtual_network_name                          = "vnet-ad-ds"
    }

  # azurerm_virtual_machine_extension.run_ad_setup will be created
  + resource "azurerm_virtual_machine_extension" "run_ad_setup" {
      + failure_suppression_enabled = false
      + id                          = (known after apply)
      + name                        = "run-ad-setup"
      + publisher                   = "Microsoft.Compute"
      + settings                    = <<-EOT
            {
                  "fileUris": ["https://mystaccdsfs64565dfsrhs.blob.core.windows.net/scripts/ad_setup.ps1"],
                  "commandToExecute": "powershell -ExecutionPolicy Unrestricted -Command \"Invoke-WebRequest -Uri 'https://mystaccdsfs64565dfsrhs.blob.core.windows.net/scripts/ad_setup.ps1' -OutFile 'C:\\ad_setup.ps1'; powershell -ExecutionPolicy Unrestricted -File C:\\ad_setup.ps1\""
                }
        EOT
      + type                        = "CustomScriptExtension"
      + type_handler_version        = "1.10"
      + virtual_machine_id          = (known after apply)
    }

  # azurerm_virtual_network.vnet will be created
  + resource "azurerm_virtual_network" "vnet" {
      + address_space                  = [
          + "10.0.0.0/16",
        ]
      + dns_servers                    = (known after apply)
      + guid                           = (known after apply)
      + id                             = (known after apply)
      + location                       = "eastus"
      + name                           = "vnet-ad-ds"
      + private_endpoint_vnet_policies = "Disabled"
      + resource_group_name            = "AD-DS-rg"
      + subnet                         = (known after apply)
    }

  # azurerm_windows_virtual_machine.ad-ds-vm will be created
  + resource "azurerm_windows_virtual_machine" "ad-ds-vm" {
      + admin_password                                         = (sensitive value)
      + admin_username                                         = "adminuser"
      + allow_extension_operations                             = true
      + bypass_platform_safety_checks_on_user_schedule_enabled = false
      + computer_name                                          = (known after apply)
      + disk_controller_type                                   = (known after apply)
      + enable_automatic_updates                               = true
      + extensions_time_budget                                 = "PT1H30M"
      + hotpatching_enabled                                    = false
      + id                                                     = (known after apply)
      + location                                               = "eastus"
      + max_bid_price                                          = -1
      + name                                                   = "ad-ds-vm"
      + network_interface_ids                                  = (known after apply)
      + patch_assessment_mode                                  = "ImageDefault"
      + patch_mode                                             = "AutomaticByOS"
      + platform_fault_domain                                  = -1
      + priority                                               = "Regular"
      + private_ip_address                                     = (known after apply)
      + private_ip_addresses                                   = (known after apply)
      + provision_vm_agent                                     = true
      + public_ip_address                                      = (known after apply)
      + public_ip_addresses                                    = (known after apply)
      + resource_group_name                                    = "AD-DS-rg"
      + size                                                   = "Standard_D2S_v3"
      + virtual_machine_id                                     = (known after apply)
      + vm_agent_platform_updates_enabled                      = (known after apply)

      + os_disk {
          + caching                   = "ReadWrite"
          + disk_size_gb              = (known after apply)
          + id                        = (known after apply)
          + name                      = (known after apply)
          + storage_account_type      = "Standard_LRS"
          + write_accelerator_enabled = false
        }

      + source_image_reference {
          + offer     = "WindowsServer"
          + publisher = "MicrosoftWindowsServer"
          + sku       = "2019-Datacenter"
          + version   = "latest"
        }

      + termination_notification (known after apply)
    }

Plan: 13 to add, 0 to change, 0 to destroy.

Do you want to perform these actions?
  Terraform will perform the actions described above.
  Only 'yes' will be accepted to approve.

  Enter a value: yes

azurerm_resource_group.rg: Creating...
azurerm_resource_group.rg: Still creating... [10s elapsed]
azurerm_resource_group.rg: Creation complete after 13s [id=/subscriptions/XXXXXXXX-XXXX-XXXX-XXXXXXXXX/resourceGroups/AD-DS-rg]
azurerm_network_security_group.nsg: Creating...
azurerm_public_ip.bastion_ip: Creating...
azurerm_virtual_network.vnet: Creating...
azurerm_storage_account.storage: Creating...
azurerm_public_ip.bastion_ip: Creation complete after 3s [id=/subscriptions/XXXXXXXX-XXXX-XXXX-XXXXXXXXX/resourceGroups/AD-DS-rg/providers/Microsoft.Network/publicIPAddresses/bastion-public-ip]
azurerm_network_security_group.nsg: Creation complete after 3s [id=/subscriptions/XXXXXXXX-XXXX-XXXX-XXXXXXXXX/resourceGroups/AD-DS-rg/providers/Microsoft.Network/networkSecurityGroups/nsg-ad-ds]
azurerm_virtual_network.vnet: Creation complete after 6s [id=/subscriptions/XXXXXXXX-XXXX-XXXX-XXXXXXXXX/resourceGroups/AD-DS-rg/providers/Microsoft.Network/virtualNetworks/vnet-ad-ds]
azurerm_subnet.bastion_subnet: Creating...
azurerm_subnet.subnet: Creating...
azurerm_storage_account.storage: Still creating... [10s elapsed]
azurerm_subnet.subnet: Creation complete after 5s [id=/subscriptions/XXXXXXXX-XXXX-XXXX-XXXXXXXXX/resourceGroups/AD-DS-rg/providers/Microsoft.Network/virtualNetworks/vnet-ad-ds/subnets/subnet-ad-ds]
azurerm_network_interface.nic-ad-ds: Creating...
azurerm_subnet.bastion_subnet: Creation complete after 9s [id=/subscriptions/XXXXXXXX-XXXX-XXXX-XXXXXXXXX/resourceGroups/AD-DS-rg/providers/Microsoft.Network/virtualNetworks/vnet-ad-ds/subnets/AzureBastionSubnet]
azurerm_bastion_host.bastion: Creating...
azurerm_storage_account.storage: Still creating... [20s elapsed]
azurerm_network_interface.nic-ad-ds: Still creating... [10s elapsed]
azurerm_bastion_host.bastion: Still creating... [10s elapsed]
azurerm_network_interface.nic-ad-ds: Creation complete after 16s [id=/subscriptions/XXXXXXXX-XXXX-XXXX-XXXXXXXXX/resourceGroups/AD-DS-rg/providers/Microsoft.Network/networkInterfaces/nic-ad-ds]
azurerm_windows_virtual_machine.ad-ds-vm: Creating...
azurerm_storage_account.storage: Still creating... [30s elapsed]
azurerm_bastion_host.bastion: Still creating... [20s elapsed]
azurerm_windows_virtual_machine.ad-ds-vm: Still creating... [10s elapsed]
azurerm_storage_account.storage: Still creating... [40s elapsed]
azurerm_bastion_host.bastion: Still creating... [30s elapsed]
azurerm_windows_virtual_machine.ad-ds-vm: Still creating... [20s elapsed]
azurerm_storage_account.storage: Still creating... [50s elapsed]
azurerm_windows_virtual_machine.ad-ds-vm: Creation complete after 26s [id=/subscriptions/XXXXXXXX-XXXX-XXXX-XXXXXXXXX/resourceGroups/AD-DS-rg/providers/Microsoft.Compute/virtualMachines/ad-ds-vm]
azurerm_bastion_host.bastion: Still creating... [40s elapsed]
azurerm_storage_account.storage: Still creating... [1m0s elapsed]
azurerm_bastion_host.bastion: Still creating... [50s elapsed]
azurerm_storage_account.storage: Creation complete after 1m7s [id=/subscriptions/XXXXXXXX-XXXX-XXXX-XXXXXXXXX/resourceGroups/AD-DS-rg/providers/Microsoft.Storage/storageAccounts/mystaccdsfs64565dfsrhs]
azurerm_storage_container.scripts_container: Creating...
azurerm_storage_container.scripts_container: Creation complete after 1s [id=/subscriptions/XXXXXXXX-XXXX-XXXX-XXXXXXXXX/resourceGroups/AD-DS-rg/providers/Microsoft.Storage/storageAccounts/mystaccdsfs64565dfsrhs/blobServices/default/containers/scripts]
azurerm_virtual_machine_extension.run_ad_setup: Creating...
azurerm_storage_blob.ad_setup_script: Creating...
azurerm_storage_blob.ad_setup_script: Creation complete after 1s [id=https://RUTA/scripts/ad_setup.ps1]
azurerm_bastion_host.bastion: Still creating... [1m0s elapsed]
azurerm_virtual_machine_extension.run_ad_setup: Still creating... [10s elapsed]
azurerm_virtual_machine_extension.run_ad_setup: Creation complete after 6m39s [id=/subscriptions/XXXXXXXX-XXXX-XXXX-XXXXXXXXX/resourceGroups/AD-DS-rg/providers/Microsoft.Compute/virtualMachines/ad-ds-vm/extensions/run-ad-setup]

azurerm_bastion_host.bastion: Creation complete after 9m54s [id=/subscriptions/XXXXXXXX-XXXX-XXXX-XXXXXXXXX/resourceGroups/AD-DS-rg/providers/Microsoft.Network/bastionHosts/bastion-ad-ds]

Apply complete! Resources: 13 added, 0 changed, 0 destroyed.           #Aplicada configuración. Se han añadido 13 recursos, modificados 0, eliminados 0
